
Microsoft Visual Studio Solution File, Format Version 12.00
# Visual Studio Version 17
VisualStudioVersion = 17.2.32630.192
MinimumVisualStudioVersion = 10.0.40219.1
Project("{FAE04EC0-301F-11D3-BF4B-00C04F79EFBC}") = "Tododt", "Tododt\Tododt.csproj", "{0D62BD50-6A90-4EF3-8FF5-CF286E54DB98}"
EndProject
Global
	GlobalSection(SolutionConfigurationPlatforms) = preSolution
		Debug|Any CPU = Debug|Any CPU
		Release|Any CPU = Release|Any CPU
	EndGlobalSection
	GlobalSection(ProjectConfigurationPlatforms) = postSolution
		{0D62BD50-6A90-4EF3-8FF5-CF286E54DB98}.Debug|Any CPU.ActiveCfg = Debug|Any CPU
		{0D62BD50-6A90-4EF3-8FF5-CF286E54DB98}.Debug|Any CPU.Build.0 = Debug|Any CPU
		{0D62BD50-6A90-4EF3-8FF5-CF286E54DB98}.Release|Any CPU.ActiveCfg = Release|Any CPU
		{0D62BD50-6A90-4EF3-8FF5-CF286E54DB98}.Release|Any CPU.Build.0 = Release|Any CPU
	EndGlobalSection
	GlobalSection(SolutionProperties) = preSolution
		HideSolutionNode = FALSE
	EndGlobalSection
	GlobalSection(ExtensibilityGlobals) = postSolution
		SolutionGuid = {94F1A07D-0337-48E5-9119-C0D18830F972}
	EndGlobalSection
EndGlobal
